{
  "nodes": {
    "crane": {
      "locked": {
        "lastModified": 1777335812,
        "narHash": "sha256-bEg5xoAxAwsyfnGhkEX7RJViTIBIYPd8ISg4O1c0HFc=",
        "owner": "ipetkov",
        "repo": "crane",
        "rev": "5e0fb2f64edff2822249f21293b8304dedaaf676",
        "type": "github"
      },
      "original": {
        "owner": "ipetkov",
        "repo": "crane",
        "type": "github"
      }
    },
    "dbflux": {
      "inputs": {
        "crane": "crane",
        "flake-utils": "flake-utils",
        "nixpkgs": "nixpkgs",
        "rust-overlay": "rust-overlay"
      },
      "locked": {
        "lastModified": 1783409097,
        "narHash": "sha256-13K8ePk9tNpwRd7OEK4ayedGIKz3axmAEqgrlWwFtcE=",
        "owner": "0xErwin1",
        "repo": "dbflux",
        "rev": "c34d4205b19e929dcc1cbb0be7586dc0064c47c5",
        "type": "github"
      },
      "original": {
        "owner": "0xErwin1",
        "ref": "nightly",
        "repo": "dbflux",
        "type": "github"
      }
    },
    "firefoxAddons": {
      "inputs": {
        "nixpkgs": [
          "nixpkgs"
        ]
      },
      "locked": {
        "dir": "pkgs/firefox-addons",
        "lastModified": 1783569760,
        "narHash": "sha256-debpliOeMVTrO3IpmFmqfSO/mgYVYxhPmxGwDrBpknU=",
        "owner": "rycee",
        "repo": "nur-expressions",
        "rev": "32cdec83ac1c9d5219dbb2278b9d4e3f2f6b5dc3",
        "type": "gitlab"
      },
      "original": {
        "dir": "pkgs/firefox-addons",
        "owner": "rycee",
        "repo": "nur-expressions",
        "type": "gitlab"
      }
    },
    "flake-parts": {
      "inputs": {
        "nixpkgs-lib": "nixpkgs-lib"
      },
      "locked": {
        "lastModified": 1775087534,
        "narHash": "sha256-91qqW8lhL7TLwgQWijoGBbiD4t7/q75KTi8NxjVmSmA=",
        "owner": "hercules-ci",
        "repo": "flake-parts",
        "rev": "3107b77cd68437b9a76194f0f7f9c55f2329ca5b",
        "type": "github"
      },
      "original": {
        "owner": "hercules-ci",
        "repo": "flake-parts",
        "type": "github"
      }
    },
    "flake-parts_2": {
      "inputs": {
        "nixpkgs-lib": [
          "nixvim",
          "nixvim",
          "nixpkgs"
        ]
      },
      "locked": {
        "lastModified": 1775087534,
        "narHash": "sha256-91qqW8lhL7TLwgQWijoGBbiD4t7/q75KTi8NxjVmSmA=",
        "owner": "hercules-ci",
        "repo": "flake-parts",
        "rev": "3107b77cd68437b9a76194f0f7f9c55f2329ca5b",
        "type": "github"
      },
      "original": {
        "owner": "hercules-ci",
        "repo": "flake-parts",
        "type": "github"
      }
    },
    "flake-utils": {
      "inputs": {
        "systems": "systems"
      },
      "locked": {
        "lastModified": 1731533236,
        "narHash": "sha256-l0KFg5HjrsfsO/JpG+r7fRrqm12kzFHyUHqHCVpMMbI=",
        "owner": "numtide",
        "repo": "flake-utils",
        "rev": "11707dc2f618dd54ca8739b309ec4fc024de578b",
        "type": "github"
      },
      "original": {
        "owner": "numtide",
        "repo": "flake-utils",
        "type": "github"
      }
    },
    "home-manager": {
      "inputs": {
        "nixpkgs": [
          "nixpkgs"
        ]
      },
      "locked": {
        "lastModified": 1779506708,
        "narHash": "sha256-QOD/CNm196nCJRheux/URi4/HE66fthdOMqCJoPP1Y0=",
        "owner": "nix-community",
        "repo": "home-manager",
        "rev": "3ee51fbdac8c8bdfe1e7e1fcaba6520a563f394f",
        "type": "github"
      },
      "original": {
        "owner": "nix-community",
        "ref": "release-25.11",
        "repo": "home-manager",
        "type": "github"
      }
    },
    "home-manager_2": {
      "inputs": {
        "nixpkgs": [
          "zenBrowserFlake",
          "nixpkgs"
        ]
      },
      "locked": {
        "lastModified": 1782839684,
        "narHash": "sha256-vzs4SBgPsK4aNzlJR2PpFwtARazXMOxZonQnDz0YHxk=",
        "owner": "nix-community",
        "repo": "home-manager",
        "rev": "2a37d71bbe69e1522ddabf03a4cea0374958bdbe",
        "type": "github"
      },
      "original": {
        "owner": "nix-community",
        "repo": "home-manager",
        "type": "github"
      }
    },
    "nix-flatpak": {
      "locked": {
        "lastModified": 1783368811,
        "narHash": "sha256-0H8jDwR4Kegb3heaTrH1ftbgKfZVDT8JE+46uXxDy/Q=",
        "owner": "gmodena",
        "repo": "nix-flatpak",
        "rev": "20d42f0ee98c9fe9f85e8d1de474f1409ed10d05",
        "type": "github"
      },
      "original": {
        "owner": "gmodena",
        "repo": "nix-flatpak",
        "type": "github"
      }
    },
    "nixpkgs": {
      "locked": {
        "lastModified": 1777268161,
        "narHash": "sha256-bxrdOn8SCOv8tN4JbTF/TXq7kjo9ag4M+C8yzzIRYbE=",
        "owner": "NixOS",
        "repo": "nixpkgs",
        "rev": "1c3fe55ad329cbcb28471bb30f05c9827f724c76",
        "type": "github"
      },
      "original": {
        "owner": "NixOS",
        "ref": "nixos-unstable",
        "repo": "nixpkgs",
        "type": "github"
      }
    },
    "nixpkgs-lib": {
      "locked": {
        "lastModified": 1774748309,
        "narHash": "sha256-+U7gF3qxzwD5TZuANzZPeJTZRHS29OFQgkQ2kiTJBIQ=",
        "owner": "nix-community",
        "repo": "nixpkgs.lib",
        "rev": "333c4e0545a6da976206c74db8773a1645b5870a",
        "type": "github"
      },
      "original": {
        "owner": "nix-community",
        "repo": "nixpkgs.lib",
        "type": "github"
      }
    },
    "nixpkgs_2": {
      "locked": {
        "lastModified": 1783224372,
        "narHash": "sha256-8i/87eeoqiGE4yOTjwSA3Eh/ziJRQEmd/unYU+K27sk=",
        "owner": "nixos",
        "repo": "nixpkgs",
        "rev": "d407951447dcd00442e97087bf374aad70c04cea",
        "type": "github"
      },
      "original": {
        "owner": "nixos",
        "ref": "nixos-unstable",
        "repo": "nixpkgs",
        "type": "github"
      }
    },
    "nixpkgs_3": {
      "locked": {
        "lastModified": 1777268161,
        "narHash": "sha256-bxrdOn8SCOv8tN4JbTF/TXq7kjo9ag4M+C8yzzIRYbE=",
        "owner": "nixos",
        "repo": "nixpkgs",
        "rev": "1c3fe55ad329cbcb28471bb30f05c9827f724c76",
        "type": "github"
      },
      "original": {
        "owner": "nixos",
        "ref": "nixos-unstable",
        "repo": "nixpkgs",
        "type": "github"
      }
    },
    "nixpkgs_4": {
      "locked": {
        "lastModified": 1776255774,
        "narHash": "sha256-psVTpH6PK3q1htMJpmdz1hLF5pQgEshu7gQWgKO6t6Y=",
        "owner": "NixOS",
        "repo": "nixpkgs",
        "rev": "566acc07c54dc807f91625bb286cb9b321b5f42a",
        "type": "github"
      },
      "original": {
        "owner": "NixOS",
        "ref": "nixpkgs-unstable",
        "repo": "nixpkgs",
        "type": "github"
      }
    },
    "nixpkgs_5": {
      "locked": {
        "lastModified": 1782723713,
        "narHash": "sha256-oPXCU/SSUokcGaJREHibG1CBX3+s/W7orDWQOZDsEeQ=",
        "owner": "nixos",
        "repo": "nixpkgs",
        "rev": "b5aa0fbd538984f6e3d201be0005b4463d8b09f8",
        "type": "github"
      },
      "original": {
        "owner": "nixos",
        "ref": "nixos-unstable",
        "repo": "nixpkgs",
        "type": "github"
      }
    },
    "nixvim": {
      "inputs": {
        "flake-parts": "flake-parts",
        "nixpkgs": "nixpkgs_3",
        "nixvim": "nixvim_2",
        "plugin-surround": "plugin-surround",
        "plugin-tokyodark": "plugin-tokyodark",
        "plugin-treesitter": "plugin-treesitter",
        "tree-sitter-ignis": "tree-sitter-ignis",
        "tree-sitter-ion": "tree-sitter-ion"
      },
      "locked": {
        "lastModified": 1777647280,
        "narHash": "sha256-yvoKcAA2/0/DKT7ahQlHcNfgBNOng5gXR4/LrCmp0Xg=",
        "owner": "0xErwin1",
        "repo": "nixvim",
        "rev": "d2a1a4fbad1987842bb60adad9865f059ff938d4",
        "type": "github"
      },
      "original": {
        "owner": "0xErwin1",
        "repo": "nixvim",
        "type": "github"
      }
    },
    "nixvim_2": {
      "inputs": {
        "flake-parts": "flake-parts_2",
        "nixpkgs": "nixpkgs_4",
        "systems": "systems_2"
      },
      "locked": {
        "lastModified": 1777236345,
        "narHash": "sha256-ALOqlq7bE30lsX4rA76hXeQ2aLLEpb44hS+D1+jWS88=",
        "owner": "nix-community",
        "repo": "nixvim",
        "rev": "a67d9cd6ff725a763afe88727aac73208ded3bf4",
        "type": "github"
      },
      "original": {
        "owner": "nix-community",
        "repo": "nixvim",
        "type": "github"
      }
    },
    "pi-harness": {
      "inputs": {
        "nixpkgs": [
          "nixpkgs"
        ]
      },
      "locked": {
        "lastModified": 1783592438,
        "narHash": "sha256-GA6sSr8/bg83vcB9er3X189GWn0zX03Pw28TOzoSJRE=",
        "owner": "0xErwin1",
        "repo": "pi-harness",
        "rev": "2505ce8c890ea7366ebf44ccb743cf91a5b1be53",
        "type": "github"
      },
      "original": {
        "owner": "0xErwin1",
        "repo": "pi-harness",
        "type": "github"
      }
    },
    "plugin-surround": {
      "flake": false,
      "locked": {
        "lastModified": 1665378293,
        "narHash": "sha256-3A5KxgG54Gnp/anPYn+hkYzI4y5mV8qwu/MB/lIaWy4=",
        "owner": "ur4ltz",
        "repo": "surround.nvim",
        "rev": "36c253d6470910692491b13382f54c9bab2811e1",
        "type": "github"
      },
      "original": {
        "owner": "ur4ltz",
        "repo": "surround.nvim",
        "type": "github"
      }
    },
    "plugin-tokyodark": {
      "flake": false,
      "locked": {
        "lastModified": 1763019717,
        "narHash": "sha256-THvvevUwK3p/aZW+FI2RNnduqWBcmWF5tueYwEY43FI=",
        "owner": "tiagovla",
        "repo": "tokyodark.nvim",
        "rev": "659aff3c73dc2e0159314050a81671f0b2eaad01",
        "type": "github"
      },
      "original": {
        "owner": "tiagovla",
        "repo": "tokyodark.nvim",
        "type": "github"
      }
    },
    "plugin-treesitter": {
      "flake": false,
      "locked": {
        "lastModified": 1755502116,
        "narHash": "sha256-FnxYEWpPGnZH0ilBNhoJpLRQWgUxUV4AXvzyAq6UpSI=",
        "owner": "0xErwin1",
        "repo": "nvim-treesitter",
        "rev": "2ab92d52eb04cd672eef754691b68421f87f618c",
        "type": "github"
      },
      "original": {
        "owner": "0xErwin1",
        "repo": "nvim-treesitter",
        "type": "github"
      }
    },
    "rofiAyuDarkTheme": {
      "flake": false,
      "locked": {
        "lastModified": 1626148493,
        "narHash": "sha256-bk/0riRWHHnrzd9GfE5FP9URLlAOM9B35wf1DTzk/sY=",
        "owner": "regolith-linux",
        "repo": "regolith-styles",
        "rev": "cfc78d00aa3cf29401b57406a46163346581c020",
        "type": "github"
      },
      "original": {
        "owner": "regolith-linux",
        "repo": "regolith-styles",
        "type": "github"
      }
    },
    "root": {
      "inputs": {
        "dbflux": "dbflux",
        "firefoxAddons": "firefoxAddons",
        "home-manager": "home-manager",
        "nix-flatpak": "nix-flatpak",
        "nixpkgs": "nixpkgs_2",
        "nixvim": "nixvim",
        "pi-harness": "pi-harness",
        "rofiAyuDarkTheme": "rofiAyuDarkTheme",
        "spicetify-nix": "spicetify-nix",
        "zenBrowserFlake": "zenBrowserFlake"
      }
    },
    "rust-overlay": {
      "inputs": {
        "nixpkgs": [
          "dbflux",
          "nixpkgs"
        ]
      },
      "locked": {
        "lastModified": 1777519017,
        "narHash": "sha256-TXilQ8MwFFtZs7HSogSI/LJzAS63nicE8iF63iB93WM=",
        "owner": "oxalica",
        "repo": "rust-overlay",
        "rev": "09b556f18dacc39e97a46e0a1cba47af7b3af1d8",
        "type": "github"
      },
      "original": {
        "owner": "oxalica",
        "repo": "rust-overlay",
        "type": "github"
      }
    },
    "spicetify-nix": {
      "inputs": {
        "nixpkgs": [
          "nixpkgs"
        ],
        "systems": "systems_3"
      },
      "locked": {
        "lastModified": 1783303713,
        "narHash": "sha256-d6Zs6wD0kvWQXn7qPU0YsuqoqBhT7zi5+1M365FINt8=",
        "owner": "Gerg-L",
        "repo": "spicetify-nix",
        "rev": "d9d714243e2f8d10af28db5111f018ec2d77acc9",
        "type": "github"
      },
      "original": {
        "owner": "Gerg-L",
        "repo": "spicetify-nix",
        "type": "github"
      }
    },
    "systems": {
      "locked": {
        "lastModified": 1681028828,
        "narHash": "sha256-Vy1rq5AaRuLzOxct8nz4T6wlgyUR7zLU309k9mBC768=",
        "owner": "nix-systems",
        "repo": "default",
        "rev": "da67096a3b9bf56a91d16901293e51ba5b49a27e",
        "type": "github"
      },
      "original": {
        "owner": "nix-systems",
        "repo": "default",
        "type": "github"
      }
    },
    "systems_2": {
      "locked": {
        "lastModified": 1681028828,
        "narHash": "sha256-Vy1rq5AaRuLzOxct8nz4T6wlgyUR7zLU309k9mBC768=",
        "owner": "nix-systems",
        "repo": "default",
        "rev": "da67096a3b9bf56a91d16901293e51ba5b49a27e",
        "type": "github"
      },
      "original": {
        "owner": "nix-systems",
        "repo": "default",
        "type": "github"
      }
    },
    "systems_3": {
      "locked": {
        "lastModified": 1681028828,
        "narHash": "sha256-Vy1rq5AaRuLzOxct8nz4T6wlgyUR7zLU309k9mBC768=",
        "owner": "nix-systems",
        "repo": "default",
        "rev": "da67096a3b9bf56a91d16901293e51ba5b49a27e",
        "type": "github"
      },
      "original": {
        "owner": "nix-systems",
        "repo": "default",
        "type": "github"
      }
    },
    "tree-sitter-ignis": {
      "flake": false,
      "locked": {
        "lastModified": 1777573710,
        "narHash": "sha256-dZqOJmY2zGbIyfICVyHEA467qrlEoEQ0kYG0U9GJfDg=",
        "owner": "Ignis-lang",
        "repo": "tree-sitter-ignis",
        "rev": "aa9910058de5e9cf901fb4e16f381d0c8c513c73",
        "type": "github"
      },
      "original": {
        "owner": "Ignis-lang",
        "repo": "tree-sitter-ignis",
        "type": "github"
      }
    },
    "tree-sitter-ion": {
      "flake": false,
      "locked": {
        "lastModified": 1712257398,
        "narHash": "sha256-A8ZaZamxtq9m0uuEGsygldzDJo67SvJI+w2JQupNIxg=",
        "owner": "Ignis-lang",
        "repo": "tree-sitter-ion",
        "rev": "3d87d54106c3b71fd90efda2b8bd442d1b4a3314",
        "type": "github"
      },
      "original": {
        "owner": "Ignis-lang",
        "repo": "tree-sitter-ion",
        "type": "github"
      }
    },
    "zenBrowserFlake": {
      "inputs": {
        "home-manager": "home-manager_2",
        "nixpkgs": "nixpkgs_5"
      },
      "locked": {
        "lastModified": 1783489920,
        "narHash": "sha256-sZediA0pfMCXm6nA6fvO1vEsWvybEvP5GCnaAPDcTq0=",
        "owner": "0xc000022070",
        "repo": "zen-browser-flake",
        "rev": "3671c6eceee35fd06fd1f60b71eed968cc9d7449",
        "type": "github"
      },
      "original": {
        "owner": "0xc000022070",
        "repo": "zen-browser-flake",
        "type": "github"
      }
    }
  },
  "root": "root",
  "version": 7
}
