{
  "nodes": {
    "crane": {
      "locked": {
        "lastModified": 1769287525,
        "narHash": "sha256-gABuYA6BzoRMLuPaeO5p7SLrpd4qExgkwEmYaYQY4bM=",
        "owner": "ipetkov",
        "repo": "crane",
        "rev": "0314e365877a85c9e5758f9ea77a9972afbb4c21",
        "type": "github"
      },
      "original": {
        "owner": "ipetkov",
        "repo": "crane",
        "type": "github"
      }
    },
    "dbflux": {
      "inputs": {
        "crane": "crane",
        "flake-utils": "flake-utils",
        "nixpkgs": "nixpkgs",
        "rust-overlay": "rust-overlay"
      },
      "locked": {
        "lastModified": 1773999024,
        "narHash": "sha256-U/+7pH9vWcx4a8NzYchE/6zThfJDMUDrB/xi1kdSo6o=",
        "owner": "0xErwin1",
        "repo": "dbflux",
        "rev": "67dbc80bef8ee2f8dc1b9e76665978d427d195bd",
        "type": "github"
      },
      "original": {
        "owner": "0xErwin1",
        "ref": "dev",
        "repo": "dbflux",
        "type": "github"
      }
    },
    "engramFlake": {
      "inputs": {
        "flake-utils": "flake-utils_2",
        "nixpkgs": "nixpkgs_2"
      },
      "locked": {
        "lastModified": 1774135399,
        "narHash": "sha256-bcW9AfVs9VAmkozdWCFH34rBFyhQO7tEJhmfa5f8hoY=",
        "owner": "0xErwin1",
        "repo": "engram",
        "rev": "f9ddb110751e3bf10dfd0c4407f2c1d112694f85",
        "type": "github"
      },
      "original": {
        "owner": "0xErwin1",
        "repo": "engram",
        "type": "github"
      }
    },
    "firefoxAddons": {
      "inputs": {
        "nixpkgs": [
          "nixpkgs"
        ]
      },
      "locked": {
        "dir": "pkgs/firefox-addons",
        "lastModified": 1774065775,
        "narHash": "sha256-anJXbdfZMhXWjHSfB5v6e8+yv1ASTHM4TwikH8tloMI=",
        "owner": "rycee",
        "repo": "nur-expressions",
        "rev": "4b3bbb9dc3c80d1b62228c9a2ca0bef74a24a192",
        "type": "gitlab"
      },
      "original": {
        "dir": "pkgs/firefox-addons",
        "owner": "rycee",
        "repo": "nur-expressions",
        "type": "gitlab"
      }
    },
    "flake-parts": {
      "inputs": {
        "nixpkgs-lib": "nixpkgs-lib"
      },
      "locked": {
        "lastModified": 1772408722,
        "narHash": "sha256-rHuJtdcOjK7rAHpHphUb1iCvgkU3GpfvicLMwwnfMT0=",
        "owner": "hercules-ci",
        "repo": "flake-parts",
        "rev": "f20dc5d9b8027381c474144ecabc9034d6a839a3",
        "type": "github"
      },
      "original": {
        "owner": "hercules-ci",
        "repo": "flake-parts",
        "type": "github"
      }
    },
    "flake-parts_2": {
      "inputs": {
        "nixpkgs-lib": [
          "nixvim",
          "nixvim",
          "nixpkgs"
        ]
      },
      "locked": {
        "lastModified": 1769996383,
        "narHash": "sha256-AnYjnFWgS49RlqX7LrC4uA+sCCDBj0Ry/WOJ5XWAsa0=",
        "owner": "hercules-ci",
        "repo": "flake-parts",
        "rev": "57928607ea566b5db3ad13af0e57e921e6b12381",
        "type": "github"
      },
      "original": {
        "owner": "hercules-ci",
        "repo": "flake-parts",
        "type": "github"
      }
    },
    "flake-utils": {
      "inputs": {
        "systems": "systems"
      },
      "locked": {
        "lastModified": 1731533236,
        "narHash": "sha256-l0KFg5HjrsfsO/JpG+r7fRrqm12kzFHyUHqHCVpMMbI=",
        "owner": "numtide",
        "repo": "flake-utils",
        "rev": "11707dc2f618dd54ca8739b309ec4fc024de578b",
        "type": "github"
      },
      "original": {
        "owner": "numtide",
        "repo": "flake-utils",
        "type": "github"
      }
    },
    "flake-utils_2": {
      "inputs": {
        "systems": "systems_2"
      },
      "locked": {
        "lastModified": 1731533236,
        "narHash": "sha256-l0KFg5HjrsfsO/JpG+r7fRrqm12kzFHyUHqHCVpMMbI=",
        "owner": "numtide",
        "repo": "flake-utils",
        "rev": "11707dc2f618dd54ca8739b309ec4fc024de578b",
        "type": "github"
      },
      "original": {
        "owner": "numtide",
        "repo": "flake-utils",
        "type": "github"
      }
    },
    "home-manager": {
      "inputs": {
        "nixpkgs": [
          "nixpkgs"
        ]
      },
      "locked": {
        "lastModified": 1773963144,
        "narHash": "sha256-WzBOBfSay3GYilUfKaUa1Mbf8/jtuAiJIedx7fWuIX4=",
        "owner": "nix-community",
        "repo": "home-manager",
        "rev": "a91b3ea73a765614d90360580b689c48102d1d33",
        "type": "github"
      },
      "original": {
        "owner": "nix-community",
        "ref": "release-25.11",
        "repo": "home-manager",
        "type": "github"
      }
    },
    "home-manager_2": {
      "inputs": {
        "nixpkgs": [
          "zenBrowserFlake",
          "nixpkgs"
        ]
      },
      "locked": {
        "lastModified": 1773422513,
        "narHash": "sha256-MPjR48roW7CUMU6lu0+qQGqj92Kuh3paIulMWFZy+NQ=",
        "owner": "nix-community",
        "repo": "home-manager",
        "rev": "ef12a9a2b0f77c8fa3dda1e7e494fca668909056",
        "type": "github"
      },
      "original": {
        "owner": "nix-community",
        "repo": "home-manager",
        "type": "github"
      }
    },
    "nixpkgs": {
      "locked": {
        "lastModified": 1769461804,
        "narHash": "sha256-msG8SU5WsBUfVVa/9RPLaymvi5bI8edTavbIq3vRlhI=",
        "owner": "NixOS",
        "repo": "nixpkgs",
        "rev": "bfc1b8a4574108ceef22f02bafcf6611380c100d",
        "type": "github"
      },
      "original": {
        "owner": "NixOS",
        "ref": "nixos-unstable",
        "repo": "nixpkgs",
        "type": "github"
      }
    },
    "nixpkgs-lib": {
      "locked": {
        "lastModified": 1772328832,
        "narHash": "sha256-e+/T/pmEkLP6BHhYjx6GmwP5ivonQQn0bJdH9YrRB+Q=",
        "owner": "nix-community",
        "repo": "nixpkgs.lib",
        "rev": "c185c7a5e5dd8f9add5b2f8ebeff00888b070742",
        "type": "github"
      },
      "original": {
        "owner": "nix-community",
        "repo": "nixpkgs.lib",
        "type": "github"
      }
    },
    "nixpkgs_2": {
      "locked": {
        "lastModified": 1773389992,
        "narHash": "sha256-wvfdLLWJ2I9oEpDd9PfMA8osfIZicoQ5MT1jIwNs9Tk=",
        "owner": "NixOS",
        "repo": "nixpkgs",
        "rev": "c06b4ae3d6599a672a6210b7021d699c351eebda",
        "type": "github"
      },
      "original": {
        "owner": "NixOS",
        "ref": "nixos-unstable",
        "repo": "nixpkgs",
        "type": "github"
      }
    },
    "nixpkgs_3": {
      "locked": {
        "lastModified": 1773821835,
        "narHash": "sha256-TJ3lSQtW0E2JrznGVm8hOQGVpXjJyXY2guAxku2O9A4=",
        "owner": "nixos",
        "repo": "nixpkgs",
        "rev": "b40629efe5d6ec48dd1efba650c797ddbd39ace0",
        "type": "github"
      },
      "original": {
        "owner": "nixos",
        "ref": "nixos-unstable",
        "repo": "nixpkgs",
        "type": "github"
      }
    },
    "nixpkgs_4": {
      "locked": {
        "lastModified": 1773389992,
        "narHash": "sha256-wvfdLLWJ2I9oEpDd9PfMA8osfIZicoQ5MT1jIwNs9Tk=",
        "owner": "nixos",
        "repo": "nixpkgs",
        "rev": "c06b4ae3d6599a672a6210b7021d699c351eebda",
        "type": "github"
      },
      "original": {
        "owner": "nixos",
        "ref": "nixos-unstable",
        "repo": "nixpkgs",
        "type": "github"
      }
    },
    "nixpkgs_5": {
      "locked": {
        "lastModified": 1770380644,
        "narHash": "sha256-P7dWMHRUWG5m4G+06jDyThXO7kwSk46C1kgjEWcybkE=",
        "owner": "NixOS",
        "repo": "nixpkgs",
        "rev": "ae67888ff7ef9dff69b3cf0cc0fbfbcd3a722abe",
        "type": "github"
      },
      "original": {
        "owner": "NixOS",
        "ref": "nixpkgs-unstable",
        "repo": "nixpkgs",
        "type": "github"
      }
    },
    "nixpkgs_6": {
      "locked": {
        "lastModified": 1773389992,
        "narHash": "sha256-wvfdLLWJ2I9oEpDd9PfMA8osfIZicoQ5MT1jIwNs9Tk=",
        "owner": "nixos",
        "repo": "nixpkgs",
        "rev": "c06b4ae3d6599a672a6210b7021d699c351eebda",
        "type": "github"
      },
      "original": {
        "owner": "nixos",
        "ref": "nixos-unstable",
        "repo": "nixpkgs",
        "type": "github"
      }
    },
    "nixvim": {
      "inputs": {
        "flake-parts": "flake-parts",
        "nixpkgs": "nixpkgs_4",
        "nixvim": "nixvim_2",
        "plugin-surround": "plugin-surround",
        "plugin-tokyodark": "plugin-tokyodark",
        "plugin-treesitter": "plugin-treesitter",
        "tree-sitter-ignis": "tree-sitter-ignis",
        "tree-sitter-ion": "tree-sitter-ion"
      },
      "locked": {
        "lastModified": 1773498845,
        "narHash": "sha256-gv5XRe4CxtmrZlXk3b6NabMCDY+IF5Q+CWOm0PISg5g=",
        "owner": "0xErwin1",
        "repo": "nixvim",
        "rev": "0313a503ef418a0746faffabe6df372638f74f03",
        "type": "github"
      },
      "original": {
        "owner": "0xErwin1",
        "repo": "nixvim",
        "type": "github"
      }
    },
    "nixvim_2": {
      "inputs": {
        "flake-parts": "flake-parts_2",
        "nixpkgs": "nixpkgs_5",
        "systems": "systems_3"
      },
      "locked": {
        "lastModified": 1772402258,
        "narHash": "sha256-3DmCFOdmbkFML1/G9gj8Wb+rCCZFPOQtNoMCpqOF8SA=",
        "owner": "nix-community",
        "repo": "nixvim",
        "rev": "21ae25e13b01d3b4cdc750b5f9e7bad68b150c10",
        "type": "github"
      },
      "original": {
        "owner": "nix-community",
        "repo": "nixvim",
        "type": "github"
      }
    },
    "plugin-surround": {
      "flake": false,
      "locked": {
        "lastModified": 1665378293,
        "narHash": "sha256-3A5KxgG54Gnp/anPYn+hkYzI4y5mV8qwu/MB/lIaWy4=",
        "owner": "ur4ltz",
        "repo": "surround.nvim",
        "rev": "36c253d6470910692491b13382f54c9bab2811e1",
        "type": "github"
      },
      "original": {
        "owner": "ur4ltz",
        "repo": "surround.nvim",
        "type": "github"
      }
    },
    "plugin-tokyodark": {
      "flake": false,
      "locked": {
        "lastModified": 1763019717,
        "narHash": "sha256-THvvevUwK3p/aZW+FI2RNnduqWBcmWF5tueYwEY43FI=",
        "owner": "tiagovla",
        "repo": "tokyodark.nvim",
        "rev": "659aff3c73dc2e0159314050a81671f0b2eaad01",
        "type": "github"
      },
      "original": {
        "owner": "tiagovla",
        "repo": "tokyodark.nvim",
        "type": "github"
      }
    },
    "plugin-treesitter": {
      "flake": false,
      "locked": {
        "lastModified": 1755502116,
        "narHash": "sha256-FnxYEWpPGnZH0ilBNhoJpLRQWgUxUV4AXvzyAq6UpSI=",
        "owner": "0xErwin1",
        "repo": "nvim-treesitter",
        "rev": "2ab92d52eb04cd672eef754691b68421f87f618c",
        "type": "github"
      },
      "original": {
        "owner": "0xErwin1",
        "repo": "nvim-treesitter",
        "type": "github"
      }
    },
    "rofiAyuDarkTheme": {
      "flake": false,
      "locked": {
        "lastModified": 1626148493,
        "narHash": "sha256-bk/0riRWHHnrzd9GfE5FP9URLlAOM9B35wf1DTzk/sY=",
        "owner": "regolith-linux",
        "repo": "regolith-styles",
        "rev": "cfc78d00aa3cf29401b57406a46163346581c020",
        "type": "github"
      },
      "original": {
        "owner": "regolith-linux",
        "repo": "regolith-styles",
        "type": "github"
      }
    },
    "root": {
      "inputs": {
        "dbflux": "dbflux",
        "engramFlake": "engramFlake",
        "firefoxAddons": "firefoxAddons",
        "home-manager": "home-manager",
        "nixpkgs": "nixpkgs_3",
        "nixvim": "nixvim",
        "rofiAyuDarkTheme": "rofiAyuDarkTheme",
        "spicetify-nix": "spicetify-nix",
        "zenBrowserFlake": "zenBrowserFlake"
      }
    },
    "rust-overlay": {
      "inputs": {
        "nixpkgs": [
          "dbflux",
          "nixpkgs"
        ]
      },
      "locked": {
        "lastModified": 1769568593,
        "narHash": "sha256-vf3cZf8imUlPzFtICa1uyReDzoPV0XhHOIRM3tqI5VY=",
        "owner": "oxalica",
        "repo": "rust-overlay",
        "rev": "6fe5039018d05cee5d01dda7df1c0846fb7943a4",
        "type": "github"
      },
      "original": {
        "owner": "oxalica",
        "repo": "rust-overlay",
        "type": "github"
      }
    },
    "spicetify-nix": {
      "inputs": {
        "nixpkgs": [
          "nixpkgs"
        ],
        "systems": "systems_4"
      },
      "locked": {
        "lastModified": 1774122398,
        "narHash": "sha256-Ksh9w1TDYdmbie0jhffqABgbh8YLdW3i24bLcFKJRB4=",
        "owner": "Gerg-L",
        "repo": "spicetify-nix",
        "rev": "b73f1128b65f8b9effb6a0e9b8d0fb8408c55c90",
        "type": "github"
      },
      "original": {
        "owner": "Gerg-L",
        "repo": "spicetify-nix",
        "type": "github"
      }
    },
    "systems": {
      "locked": {
        "lastModified": 1681028828,
        "narHash": "sha256-Vy1rq5AaRuLzOxct8nz4T6wlgyUR7zLU309k9mBC768=",
        "owner": "nix-systems",
        "repo": "default",
        "rev": "da67096a3b9bf56a91d16901293e51ba5b49a27e",
        "type": "github"
      },
      "original": {
        "owner": "nix-systems",
        "repo": "default",
        "type": "github"
      }
    },
    "systems_2": {
      "locked": {
        "lastModified": 1681028828,
        "narHash": "sha256-Vy1rq5AaRuLzOxct8nz4T6wlgyUR7zLU309k9mBC768=",
        "owner": "nix-systems",
        "repo": "default",
        "rev": "da67096a3b9bf56a91d16901293e51ba5b49a27e",
        "type": "github"
      },
      "original": {
        "owner": "nix-systems",
        "repo": "default",
        "type": "github"
      }
    },
    "systems_3": {
      "locked": {
        "lastModified": 1681028828,
        "narHash": "sha256-Vy1rq5AaRuLzOxct8nz4T6wlgyUR7zLU309k9mBC768=",
        "owner": "nix-systems",
        "repo": "default",
        "rev": "da67096a3b9bf56a91d16901293e51ba5b49a27e",
        "type": "github"
      },
      "original": {
        "owner": "nix-systems",
        "repo": "default",
        "type": "github"
      }
    },
    "systems_4": {
      "locked": {
        "lastModified": 1681028828,
        "narHash": "sha256-Vy1rq5AaRuLzOxct8nz4T6wlgyUR7zLU309k9mBC768=",
        "owner": "nix-systems",
        "repo": "default",
        "rev": "da67096a3b9bf56a91d16901293e51ba5b49a27e",
        "type": "github"
      },
      "original": {
        "owner": "nix-systems",
        "repo": "default",
        "type": "github"
      }
    },
    "tree-sitter-ignis": {
      "flake": false,
      "locked": {
        "lastModified": 1770643858,
        "narHash": "sha256-tTvnMgf1n38I86SN9N1cOK6Z+hT3jaFzUan9fpdIg1I=",
        "owner": "Ignis-lang",
        "repo": "tree-sitter-ignis",
        "rev": "bd484c44659e7a61a99ed455a6ca0809cd265bba",
        "type": "github"
      },
      "original": {
        "owner": "Ignis-lang",
        "repo": "tree-sitter-ignis",
        "type": "github"
      }
    },
    "tree-sitter-ion": {
      "flake": false,
      "locked": {
        "lastModified": 1712257398,
        "narHash": "sha256-A8ZaZamxtq9m0uuEGsygldzDJo67SvJI+w2JQupNIxg=",
        "owner": "Ignis-lang",
        "repo": "tree-sitter-ion",
        "rev": "3d87d54106c3b71fd90efda2b8bd442d1b4a3314",
        "type": "github"
      },
      "original": {
        "owner": "Ignis-lang",
        "repo": "tree-sitter-ion",
        "type": "github"
      }
    },
    "zenBrowserFlake": {
      "inputs": {
        "home-manager": "home-manager_2",
        "nixpkgs": "nixpkgs_6"
      },
      "locked": {
        "lastModified": 1774103303,
        "narHash": "sha256-ZKsQGY0D4DLe3071/RZSQHLqqmFvsA38PudjEvnPbZI=",
        "owner": "0xc000022070",
        "repo": "zen-browser-flake",
        "rev": "ae52b215dd66f73cb131106b7588f3a983617cee",
        "type": "github"
      },
      "original": {
        "owner": "0xc000022070",
        "repo": "zen-browser-flake",
        "type": "github"
      }
    }
  },
  "root": "root",
  "version": 7
}
